
Microsoft Visual Studio Solution File, Format Version 12.00
# Visual Studio Version 17
VisualStudioVersion = 17.10.35201.131
MinimumVisualStudioVersion = 10.0.40219.1
Project("{FAE04EC0-301F-11D3-BF4B-00C04F79EFBC}") = "LeaveManSystem", "LeaveManSystem\LeaveManSystem.csproj", "{1BA45C5D-4650-4F6F-ADF2-87612D6CA7D4}"
EndProject
Global
	GlobalSection(SolutionConfigurationPlatforms) = preSolution
		Debug|Any CPU = Debug|Any CPU
		Release|Any CPU = Release|Any CPU
	EndGlobalSection
	GlobalSection(ProjectConfigurationPlatforms) = postSolution
		{1BA45C5D-4650-4F6F-ADF2-87612D6CA7D4}.Debug|Any CPU.ActiveCfg = Debug|Any CPU
		{1BA45C5D-4650-4F6F-ADF2-87612D6CA7D4}.Debug|Any CPU.Build.0 = Debug|Any CPU
		{1BA45C5D-4650-4F6F-ADF2-87612D6CA7D4}.Release|Any CPU.ActiveCfg = Release|Any CPU
		{1BA45C5D-4650-4F6F-ADF2-87612D6CA7D4}.Release|Any CPU.Build.0 = Release|Any CPU
	EndGlobalSection
	GlobalSection(SolutionProperties) = preSolution
		HideSolutionNode = FALSE
	EndGlobalSection
	GlobalSection(ExtensibilityGlobals) = postSolution
		SolutionGuid = {9CB765F3-54EB-41F9-B913-D315752DF750}
	EndGlobalSection
EndGlobal
